// !$*UTF8*$!
{
	archiveVersion = 1;
	classes = {
	};
	objectVersion = 51;
	objects = {

/* Begin PBXBuildFile section */
		2648C50A2404D57C00C305B6 /* ViewController.swift in Sources */ = {isa = PBXBuildFile; fileRef = 2648C5092404D57C00C305B6 /* ViewController.swift */; };
		264933BA2404FE3800A8DBA8 /* Main.storyboard in Resources */ = {isa = PBXBuildFile; fileRef = 264933B92404FE3800A8DBA8 /* Main.storyboard */; };
		2652863B23FE46740001B81D /* ArticleUser.swift in Sources */ = {isa = PBXBuildFile; fileRef = 2652863923FE46740001B81D /* ArticleUser.swift */; };
		2652863C23FE46740001B81D /* ArticleNews.swift in Sources */ = {isa = PBXBuildFile; fileRef = 2652863A23FE46740001B81D /* ArticleNews.swift */; };
		2652863F23FE468C0001B81D /* ArticlePresenter.swift in Sources */ = {isa = PBXBuildFile; fileRef = 2652863E23FE468C0001B81D /* ArticlePresenter.swift */; };
		2652864723FE51A60001B81D /* ArticleNewsUseCase.swift in Sources */ = {isa = PBXBuildFile; fileRef = 2652864623FE51A60001B81D /* ArticleNewsUseCase.swift */; };
		2652864C23FE51CE0001B81D /* ArticleViewController.swift in Sources */ = {isa = PBXBuildFile; fileRef = 2652864923FE51CE0001B81D /* ArticleViewController.swift */; };
		2652864D23FE51CE0001B81D /* ArticleDetailViewController.swift in Sources */ = {isa = PBXBuildFile; fileRef = 2652864A23FE51CE0001B81D /* ArticleDetailViewController.swift */; };
		2652864E23FE51CE0001B81D /* LoginViewController.swift in Sources */ = {isa = PBXBuildFile; fileRef = 2652864B23FE51CE0001B81D /* LoginViewController.swift */; };
		2652865123FE51F50001B81D /* ArticleNewsGateway.swift in Sources */ = {isa = PBXBuildFile; fileRef = 2652865023FE51F50001B81D /* ArticleNewsGateway.swift */; };
		2652865423FE574B0001B81D /* ArticleNotificationResident.swift in Sources */ = {isa = PBXBuildFile; fileRef = 2652865323FE574A0001B81D /* ArticleNotificationResident.swift */; };
		2652865623FE57740001B81D /* ArticleNotificationPresenter.swift in Sources */ = {isa = PBXBuildFile; fileRef = 2652865523FE57740001B81D /* ArticleNotificationPresenter.swift */; };
		2652865A23FE59AE0001B81D /* TableViewCell.swift in Sources */ = {isa = PBXBuildFile; fileRef = 2652865823FE59AE0001B81D /* TableViewCell.swift */; };
		2652865B23FE59AE0001B81D /* TableViewCell.xib in Resources */ = {isa = PBXBuildFile; fileRef = 2652865923FE59AE0001B81D /* TableViewCell.xib */; };
		2652865F23FE5A3A0001B81D /* Login.storyboard in Resources */ = {isa = PBXBuildFile; fileRef = 2652865D23FE5A3A0001B81D /* Login.storyboard */; };
		2652866023FE5A3A0001B81D /* ArticleDetail.storyboard in Resources */ = {isa = PBXBuildFile; fileRef = 2652865E23FE5A3A0001B81D /* ArticleDetail.storyboard */; };
		2652866223FE61B40001B81D /* NotificationCenterPresenter.swift in Sources */ = {isa = PBXBuildFile; fileRef = 2652866123FE61B40001B81D /* NotificationCenterPresenter.swift */; };
		2652866423FE67EE0001B81D /* LoginUseCase.swift in Sources */ = {isa = PBXBuildFile; fileRef = 2652866323FE67EE0001B81D /* LoginUseCase.swift */; };
		2652866623FE6C360001B81D /* ArticleNotificationUseCase.swift in Sources */ = {isa = PBXBuildFile; fileRef = 2652866523FE6C360001B81D /* ArticleNotificationUseCase.swift */; };
		26DA974F23FF5B8E00E02365 /* HttpGateway.swift in Sources */ = {isa = PBXBuildFile; fileRef = 26DA974E23FF5B8E00E02365 /* HttpGateway.swift */; };
		26DA975123FF6A8100E02365 /* LoginResult.swift in Sources */ = {isa = PBXBuildFile; fileRef = 26DA975023FF6A8100E02365 /* LoginResult.swift */; };
		26DA975323FF6BBD00E02365 /* LoginGateway.swift in Sources */ = {isa = PBXBuildFile; fileRef = 26DA975223FF6BBD00E02365 /* LoginGateway.swift */; };
		26DA975523FF7D9600E02365 /* LoginPresenter.swift in Sources */ = {isa = PBXBuildFile; fileRef = 26DA975423FF7D9600E02365 /* LoginPresenter.swift */; };
		3DE08E45D2C16887C26B1771 /* Pods_TestApp01.framework in Frameworks */ = {isa = PBXBuildFile; fileRef = C9DC423983257B203863AD97 /* Pods_TestApp01.framework */; };
		847756EB23A0A530000BB73F /* AppDelegate.swift in Sources */ = {isa = PBXBuildFile; fileRef = 847756EA23A0A530000BB73F /* AppDelegate.swift */; };
		847756F223A0A532000BB73F /* Assets.xcassets in Resources */ = {isa = PBXBuildFile; fileRef = 847756F123A0A532000BB73F /* Assets.xcassets */; };
		847756F523A0A532000BB73F /* LaunchScreen.storyboard in Resources */ = {isa = PBXBuildFile; fileRef = 847756F323A0A532000BB73F /* LaunchScreen.storyboard */; };
		8477570023A0A532000BB73F /* TestApp01Tests.swift in Sources */ = {isa = PBXBuildFile; fileRef = 847756FF23A0A532000BB73F /* TestApp01Tests.swift */; };
		8477570B23A0A532000BB73F /* TestApp01UITests.swift in Sources */ = {isa = PBXBuildFile; fileRef = 8477570A23A0A532000BB73F /* TestApp01UITests.swift */; };
		A7D1A44795CED1EF728DB269 /* Pods_TestApp01_TestApp01UITests.framework in Frameworks */ = {isa = PBXBuildFile; fileRef = A1FD0BAC681179381480940E /* Pods_TestApp01_TestApp01UITests.framework */; };
		C5677E27014DD898E5178867 /* Pods_TestApp01Tests.framework in Frameworks */ = {isa = PBXBuildFile; fileRef = 961383D645E2E5C62E49CC5A /* Pods_TestApp01Tests.framework */; };
/* End PBXBuildFile section */

/* Begin PBXContainerItemProxy section */
		847756FC23A0A532000BB73F /* PBXContainerItemProxy */ = {
			isa = PBXContainerItemProxy;
			containerPortal = 847756DF23A0A530000BB73F /* Project object */;
			proxyType = 1;
			remoteGlobalIDString = 847756E623A0A530000BB73F;
			remoteInfo = TestApp01;
		};
		8477570723A0A532000BB73F /* PBXContainerItemProxy */ = {
			isa = PBXContainerItemProxy;
			containerPortal = 847756DF23A0A530000BB73F /* Project object */;
			proxyType = 1;
			remoteGlobalIDString = 847756E623A0A530000BB73F;
			remoteInfo = TestApp01;
		};
/* End PBXContainerItemProxy section */

/* Begin PBXFileReference section */
		23A8DC316FA085253D5AEEEA /* Pods-TestApp01Tests.release.xcconfig */ = {isa = PBXFileReference; includeInIndex = 1; lastKnownFileType = text.xcconfig; name = "Pods-TestApp01Tests.release.xcconfig"; path = "Target Support Files/Pods-TestApp01Tests/Pods-TestApp01Tests.release.xcconfig"; sourceTree = "<group>"; };
		2648C5092404D57C00C305B6 /* ViewController.swift */ = {isa = PBXFileReference; lastKnownFileType = sourcecode.swift; path = ViewController.swift; sourceTree = "<group>"; };
		264933B92404FE3800A8DBA8 /* Main.storyboard */ = {isa = PBXFileReference; fileEncoding = 4; lastKnownFileType = file.storyboard; path = Main.storyboard; sourceTree = "<group>"; };
		2652863923FE46740001B81D /* ArticleUser.swift */ = {isa = PBXFileReference; fileEncoding = 4; lastKnownFileType = sourcecode.swift; path = ArticleUser.swift; sourceTree = "<group>"; };
		2652863A23FE46740001B81D /* ArticleNews.swift */ = {isa = PBXFileReference; fileEncoding = 4; lastKnownFileType = sourcecode.swift; path = ArticleNews.swift; sourceTree = "<group>"; };
		2652863E23FE468C0001B81D /* ArticlePresenter.swift */ = {isa = PBXFileReference; fileEncoding = 4; lastKnownFileType = sourcecode.swift; path = ArticlePresenter.swift; sourceTree = "<group>"; };
		2652864623FE51A60001B81D /* ArticleNewsUseCase.swift */ = {isa = PBXFileReference; fileEncoding = 4; lastKnownFileType = sourcecode.swift; path = ArticleNewsUseCase.swift; sourceTree = "<group>"; };
		2652864923FE51CE0001B81D /* ArticleViewController.swift */ = {isa = PBXFileReference; fileEncoding = 4; lastKnownFileType = sourcecode.swift; path = ArticleViewController.swift; sourceTree = "<group>"; };
		2652864A23FE51CE0001B81D /* ArticleDetailViewController.swift */ = {isa = PBXFileReference; fileEncoding = 4; lastKnownFileType = sourcecode.swift; path = ArticleDetailViewController.swift; sourceTree = "<group>"; };
		2652864B23FE51CE0001B81D /* LoginViewController.swift */ = {isa = PBXFileReference; fileEncoding = 4; lastKnownFileType = sourcecode.swift; path = LoginViewController.swift; sourceTree = "<group>"; };
		2652865023FE51F50001B81D /* ArticleNewsGateway.swift */ = {isa = PBXFileReference; fileEncoding = 4; lastKnownFileType = sourcecode.swift; path = ArticleNewsGateway.swift; sourceTree = "<group>"; };
		2652865323FE574A0001B81D /* ArticleNotificationResident.swift */ = {isa = PBXFileReference; fileEncoding = 4; lastKnownFileType = sourcecode.swift; path = ArticleNotificationResident.swift; sourceTree = "<group>"; };
		2652865523FE57740001B81D /* ArticleNotificationPresenter.swift */ = {isa = PBXFileReference; fileEncoding = 4; lastKnownFileType = sourcecode.swift; path = ArticleNotificationPresenter.swift; sourceTree = "<group>"; };
		2652865823FE59AE0001B81D /* TableViewCell.swift */ = {isa = PBXFileReference; fileEncoding = 4; lastKnownFileType = sourcecode.swift; path = TableViewCell.swift; sourceTree = "<group>"; };
		2652865923FE59AE0001B81D /* TableViewCell.xib */ = {isa = PBXFileReference; fileEncoding = 4; lastKnownFileType = file.xib; path = TableViewCell.xib; sourceTree = "<group>"; };
		2652865D23FE5A3A0001B81D /* Login.storyboard */ = {isa = PBXFileReference; fileEncoding = 4; lastKnownFileType = file.storyboard; path = Login.storyboard; sourceTree = "<group>"; };
		2652865E23FE5A3A0001B81D /* ArticleDetail.storyboard */ = {isa = PBXFileReference; fileEncoding = 4; lastKnownFileType = file.storyboard; path = ArticleDetail.storyboard; sourceTree = "<group>"; };
		2652866123FE61B40001B81D /* NotificationCenterPresenter.swift */ = {isa = PBXFileReference; lastKnownFileType = sourcecode.swift; path = NotificationCenterPresenter.swift; sourceTree = "<group>"; };
		2652866323FE67EE0001B81D /* LoginUseCase.swift */ = {isa = PBXFileReference; lastKnownFileType = sourcecode.swift; path = LoginUseCase.swift; sourceTree = "<group>"; };
		2652866523FE6C360001B81D /* ArticleNotificationUseCase.swift */ = {isa = PBXFileReference; lastKnownFileType = sourcecode.swift; path = ArticleNotificationUseCase.swift; sourceTree = "<group>"; };
		26DA974E23FF5B8E00E02365 /* HttpGateway.swift */ = {isa = PBXFileReference; lastKnownFileType = sourcecode.swift; path = HttpGateway.swift; sourceTree = "<group>"; };
		26DA975023FF6A8100E02365 /* LoginResult.swift */ = {isa = PBXFileReference; lastKnownFileType = sourcecode.swift; path = LoginResult.swift; sourceTree = "<group>"; };
		26DA975223FF6BBD00E02365 /* LoginGateway.swift */ = {isa = PBXFileReference; lastKnownFileType = sourcecode.swift; path = LoginGateway.swift; sourceTree = "<group>"; };
		26DA975423FF7D9600E02365 /* LoginPresenter.swift */ = {isa = PBXFileReference; lastKnownFileType = sourcecode.swift; path = LoginPresenter.swift; sourceTree = "<group>"; };
		4BFCF1C523C43D5200E95A98 /* TestApp01.entitlements */ = {isa = PBXFileReference; lastKnownFileType = text.plist.entitlements; path = TestApp01.entitlements; sourceTree = "<group>"; };
		847756E723A0A530000BB73F /* TestApp01.app */ = {isa = PBXFileReference; explicitFileType = wrapper.application; includeInIndex = 0; path = TestApp01.app; sourceTree = BUILT_PRODUCTS_DIR; };
		847756EA23A0A530000BB73F /* AppDelegate.swift */ = {isa = PBXFileReference; lastKnownFileType = sourcecode.swift; path = AppDelegate.swift; sourceTree = "<group>"; };
		847756F123A0A532000BB73F /* Assets.xcassets */ = {isa = PBXFileReference; lastKnownFileType = folder.assetcatalog; path = Assets.xcassets; sourceTree = "<group>"; };
		847756F423A0A532000BB73F /* Base */ = {isa = PBXFileReference; lastKnownFileType = file.storyboard; name = Base; path = Base.lproj/LaunchScreen.storyboard; sourceTree = "<group>"; };
		847756F623A0A532000BB73F /* Info.plist */ = {isa = PBXFileReference; lastKnownFileType = text.plist.xml; path = Info.plist; sourceTree = "<group>"; };
		847756FB23A0A532000BB73F /* TestApp01Tests.xctest */ = {isa = PBXFileReference; explicitFileType = wrapper.cfbundle; includeInIndex = 0; path = TestApp01Tests.xctest; sourceTree = BUILT_PRODUCTS_DIR; };
		847756FF23A0A532000BB73F /* TestApp01Tests.swift */ = {isa = PBXFileReference; lastKnownFileType = sourcecode.swift; path = TestApp01Tests.swift; sourceTree = "<group>"; };
		8477570123A0A532000BB73F /* Info.plist */ = {isa = PBXFileReference; lastKnownFileType = text.plist.xml; path = Info.plist; sourceTree = "<group>"; };
		8477570623A0A532000BB73F /* TestApp01UITests.xctest */ = {isa = PBXFileReference; explicitFileType = wrapper.cfbundle; includeInIndex = 0; path = TestApp01UITests.xctest; sourceTree = BUILT_PRODUCTS_DIR; };
		8477570A23A0A532000BB73F /* TestApp01UITests.swift */ = {isa = PBXFileReference; lastKnownFileType = sourcecode.swift; path = TestApp01UITests.swift; sourceTree = "<group>"; };
		8477570C23A0A532000BB73F /* Info.plist */ = {isa = PBXFileReference; lastKnownFileType = text.plist.xml; path = Info.plist; sourceTree = "<group>"; };
		961383D645E2E5C62E49CC5A /* Pods_TestApp01Tests.framework */ = {isa = PBXFileReference; explicitFileType = wrapper.framework; includeInIndex = 0; path = Pods_TestApp01Tests.framework; sourceTree = BUILT_PRODUCTS_DIR; };
		A1FD0BAC681179381480940E /* Pods_TestApp01_TestApp01UITests.framework */ = {isa = PBXFileReference; explicitFileType = wrapper.framework; includeInIndex = 0; path = Pods_TestApp01_TestApp01UITests.framework; sourceTree = BUILT_PRODUCTS_DIR; };
		AA328255BC2F603317C10E2B /* Pods-TestApp01-TestApp01UITests.release.xcconfig */ = {isa = PBXFileReference; includeInIndex = 1; lastKnownFileType = text.xcconfig; name = "Pods-TestApp01-TestApp01UITests.release.xcconfig"; path = "Target Support Files/Pods-TestApp01-TestApp01UITests/Pods-TestApp01-TestApp01UITests.release.xcconfig"; sourceTree = "<group>"; };
		BD67F03E6EDF71F968197C41 /* Pods-TestApp01.release.xcconfig */ = {isa = PBXFileReference; includeInIndex = 1; lastKnownFileType = text.xcconfig; name = "Pods-TestApp01.release.xcconfig"; path = "Target Support Files/Pods-TestApp01/Pods-TestApp01.release.xcconfig"; sourceTree = "<group>"; };
		C9DC423983257B203863AD97 /* Pods_TestApp01.framework */ = {isa = PBXFileReference; explicitFileType = wrapper.framework; includeInIndex = 0; path = Pods_TestApp01.framework; sourceTree = BUILT_PRODUCTS_DIR; };
		D14DDA3F089D0B9FAF844B56 /* Pods-TestApp01.debug.xcconfig */ = {isa = PBXFileReference; includeInIndex = 1; lastKnownFileType = text.xcconfig; name = "Pods-TestApp01.debug.xcconfig"; path = "Target Support Files/Pods-TestApp01/Pods-TestApp01.debug.xcconfig"; sourceTree = "<group>"; };
		D2122A422904E3B5A7B5777B /* Pods-TestApp01-TestApp01UITests.debug.xcconfig */ = {isa = PBXFileReference; includeInIndex = 1; lastKnownFileType = text.xcconfig; name = "Pods-TestApp01-TestApp01UITests.debug.xcconfig"; path = "Target Support Files/Pods-TestApp01-TestApp01UITests/Pods-TestApp01-TestApp01UITests.debug.xcconfig"; sourceTree = "<group>"; };
		D538D521FA5CAFA2BAC5041D /* Pods-TestApp01Tests.debug.xcconfig */ = {isa = PBXFileReference; includeInIndex = 1; lastKnownFileType = text.xcconfig; name = "Pods-TestApp01Tests.debug.xcconfig"; path = "Target Support Files/Pods-TestApp01Tests/Pods-TestApp01Tests.debug.xcconfig"; sourceTree = "<group>"; };
/* End PBXFileReference section */

/* Begin PBXFrameworksBuildPhase section */
		847756E423A0A530000BB73F /* Frameworks */ = {
			isa = PBXFrameworksBuildPhase;
			buildActionMask = 2147483647;
			files = (
				3DE08E45D2C16887C26B1771 /* Pods_TestApp01.framework in Frameworks */,
			);
			runOnlyForDeploymentPostprocessing = 0;
		};
		847756F823A0A532000BB73F /* Frameworks */ = {
			isa = PBXFrameworksBuildPhase;
			buildActionMask = 2147483647;
			files = (
				C5677E27014DD898E5178867 /* Pods_TestApp01Tests.framework in Frameworks */,
			);
			runOnlyForDeploymentPostprocessing = 0;
		};
		8477570323A0A532000BB73F /* Frameworks */ = {
			isa = PBXFrameworksBuildPhase;
			buildActionMask = 2147483647;
			files = (
				A7D1A44795CED1EF728DB269 /* Pods_TestApp01_TestApp01UITests.framework in Frameworks */,
			);
			runOnlyForDeploymentPostprocessing = 0;
		};
/* End PBXFrameworksBuildPhase section */

/* Begin PBXGroup section */
		2652863823FE46740001B81D /* Entities */ = {
			isa = PBXGroup;
			children = (
				2652863923FE46740001B81D /* ArticleUser.swift */,
				2652863A23FE46740001B81D /* ArticleNews.swift */,
				26DA975023FF6A8100E02365 /* LoginResult.swift */,
			);
			path = Entities;
			sourceTree = "<group>";
		};
		2652863D23FE468C0001B81D /* Presenters */ = {
			isa = PBXGroup;
			children = (
				2652865523FE57740001B81D /* ArticleNotificationPresenter.swift */,
				2652863E23FE468C0001B81D /* ArticlePresenter.swift */,
				2652866123FE61B40001B81D /* NotificationCenterPresenter.swift */,
				26DA975423FF7D9600E02365 /* LoginPresenter.swift */,
			);
			path = Presenters;
			sourceTree = "<group>";
		};
		2652864523FE51A60001B81D /* UseCases */ = {
			isa = PBXGroup;
			children = (
				2652864623FE51A60001B81D /* ArticleNewsUseCase.swift */,
				2652866323FE67EE0001B81D /* LoginUseCase.swift */,
				2652866523FE6C360001B81D /* ArticleNotificationUseCase.swift */,
			);
			name = UseCases;
			path = TestApp01/UseCases;
			sourceTree = SOURCE_ROOT;
		};
		2652864823FE51CE0001B81D /* Controllers */ = {
			isa = PBXGroup;
			children = (
				2652864923FE51CE0001B81D /* ArticleViewController.swift */,
				2652864A23FE51CE0001B81D /* ArticleDetailViewController.swift */,
				2652864B23FE51CE0001B81D /* LoginViewController.swift */,
				2648C5092404D57C00C305B6 /* ViewController.swift */,
			);
			path = Controllers;
			sourceTree = "<group>";
		};
		2652864F23FE51F50001B81D /* Gateways */ = {
			isa = PBXGroup;
			children = (
				2652865023FE51F50001B81D /* ArticleNewsGateway.swift */,
				26DA974E23FF5B8E00E02365 /* HttpGateway.swift */,
				26DA975223FF6BBD00E02365 /* LoginGateway.swift */,
			);
			name = Gateways;
			path = TestApp01/Gateways;
			sourceTree = SOURCE_ROOT;
		};
		2652865223FE574A0001B81D /* Residents */ = {
			isa = PBXGroup;
			children = (
				2652865323FE574A0001B81D /* ArticleNotificationResident.swift */,
			);
			name = Residents;
			path = TestApp01/Residents;
			sourceTree = SOURCE_ROOT;
		};
		2652865723FE59AE0001B81D /* ViewModel */ = {
			isa = PBXGroup;
			children = (
				2652865823FE59AE0001B81D /* TableViewCell.swift */,
				2652865923FE59AE0001B81D /* TableViewCell.xib */,
			);
			path = ViewModel;
			sourceTree = "<group>";
		};
		2652865C23FE5A3A0001B81D /* View */ = {
			isa = PBXGroup;
			children = (
				264933B92404FE3800A8DBA8 /* Main.storyboard */,
				2652865D23FE5A3A0001B81D /* Login.storyboard */,
				2652865E23FE5A3A0001B81D /* ArticleDetail.storyboard */,
			);
			path = View;
			sourceTree = "<group>";
		};
		577247BE5752CFC1673CFDBB /* Frameworks */ = {
			isa = PBXGroup;
			children = (
				C9DC423983257B203863AD97 /* Pods_TestApp01.framework */,
				A1FD0BAC681179381480940E /* Pods_TestApp01_TestApp01UITests.framework */,
				961383D645E2E5C62E49CC5A /* Pods_TestApp01Tests.framework */,
			);
			name = Frameworks;
			sourceTree = "<group>";
		};
		847756DE23A0A530000BB73F = {
			isa = PBXGroup;
			children = (
				847756E923A0A530000BB73F /* TestApp01 */,
				847756FE23A0A532000BB73F /* TestApp01Tests */,
				8477570923A0A532000BB73F /* TestApp01UITests */,
				847756E823A0A530000BB73F /* Products */,
				E80A87B21F5163817ED52C6E /* Pods */,
				577247BE5752CFC1673CFDBB /* Frameworks */,
			);
			sourceTree = "<group>";
		};
		847756E823A0A530000BB73F /* Products */ = {
			isa = PBXGroup;
			children = (
				847756E723A0A530000BB73F /* TestApp01.app */,
				847756FB23A0A532000BB73F /* TestApp01Tests.xctest */,
				8477570623A0A532000BB73F /* TestApp01UITests.xctest */,
			);
			name = Products;
			sourceTree = "<group>";
		};
		847756E923A0A530000BB73F /* TestApp01 */ = {
			isa = PBXGroup;
			children = (
				4BFCF1C523C43D5200E95A98 /* TestApp01.entitlements */,
				847756EA23A0A530000BB73F /* AppDelegate.swift */,
				847756F123A0A532000BB73F /* Assets.xcassets */,
				847756F323A0A532000BB73F /* LaunchScreen.storyboard */,
				847756F623A0A532000BB73F /* Info.plist */,
				2652865C23FE5A3A0001B81D /* View */,
				2652865723FE59AE0001B81D /* ViewModel */,
				2652864823FE51CE0001B81D /* Controllers */,
				2652863D23FE468C0001B81D /* Presenters */,
				2652865223FE574A0001B81D /* Residents */,
				2652864523FE51A60001B81D /* UseCases */,
				2652863823FE46740001B81D /* Entities */,
				2652864F23FE51F50001B81D /* Gateways */,
			);
			path = TestApp01;
			sourceTree = "<group>";
		};
		847756FE23A0A532000BB73F /* TestApp01Tests */ = {
			isa = PBXGroup;
			children = (
				847756FF23A0A532000BB73F /* TestApp01Tests.swift */,
				8477570123A0A532000BB73F /* Info.plist */,
			);
			path = TestApp01Tests;
			sourceTree = "<group>";
		};
		8477570923A0A532000BB73F /* TestApp01UITests */ = {
			isa = PBXGroup;
			children = (
				8477570A23A0A532000BB73F /* TestApp01UITests.swift */,
				8477570C23A0A532000BB73F /* Info.plist */,
			);
			path = TestApp01UITests;
			sourceTree = "<group>";
		};
		E80A87B21F5163817ED52C6E /* Pods */ = {
			isa = PBXGroup;
			children = (
				D14DDA3F089D0B9FAF844B56 /* Pods-TestApp01.debug.xcconfig */,
				BD67F03E6EDF71F968197C41 /* Pods-TestApp01.release.xcconfig */,
				D2122A422904E3B5A7B5777B /* Pods-TestApp01-TestApp01UITests.debug.xcconfig */,
				AA328255BC2F603317C10E2B /* Pods-TestApp01-TestApp01UITests.release.xcconfig */,
				D538D521FA5CAFA2BAC5041D /* Pods-TestApp01Tests.debug.xcconfig */,
				23A8DC316FA085253D5AEEEA /* Pods-TestApp01Tests.release.xcconfig */,
			);
			path = Pods;
			sourceTree = "<group>";
		};
/* End PBXGroup section */

/* Begin PBXNativeTarget section */
		847756E623A0A530000BB73F /* TestApp01 */ = {
			isa = PBXNativeTarget;
			buildConfigurationList = 8477570F23A0A532000BB73F /* Build configuration list for PBXNativeTarget "TestApp01" */;
			buildPhases = (
				2AB69F47C23552FBFC982AC3 /* [CP] Check Pods Manifest.lock */,
				847756E323A0A530000BB73F /* Sources */,
				847756E423A0A530000BB73F /* Frameworks */,
				847756E523A0A530000BB73F /* Resources */,
				F0569D7F0ED7896F4B8F265D /* [CP] Embed Pods Frameworks */,
			);
			buildRules = (
			);
			dependencies = (
			);
			name = TestApp01;
			productName = TestApp01;
			productReference = 847756E723A0A530000BB73F /* TestApp01.app */;
			productType = "com.apple.product-type.application";
		};
		847756FA23A0A532000BB73F /* TestApp01Tests */ = {
			isa = PBXNativeTarget;
			buildConfigurationList = 8477571223A0A532000BB73F /* Build configuration list for PBXNativeTarget "TestApp01Tests" */;
			buildPhases = (
				00AE72CE56B20A146884AAEA /* [CP] Check Pods Manifest.lock */,
				847756F723A0A532000BB73F /* Sources */,
				847756F823A0A532000BB73F /* Frameworks */,
				847756F923A0A532000BB73F /* Resources */,
			);
			buildRules = (
			);
			dependencies = (
				847756FD23A0A532000BB73F /* PBXTargetDependency */,
			);
			name = TestApp01Tests;
			productName = TestApp01Tests;
			productReference = 847756FB23A0A532000BB73F /* TestApp01Tests.xctest */;
			productType = "com.apple.product-type.bundle.unit-test";
		};
		8477570523A0A532000BB73F /* TestApp01UITests */ = {
			isa = PBXNativeTarget;
			buildConfigurationList = 8477571523A0A532000BB73F /* Build configuration list for PBXNativeTarget "TestApp01UITests" */;
			buildPhases = (
				D49A147EC021DC251A706DFD /* [CP] Check Pods Manifest.lock */,
				8477570223A0A532000BB73F /* Sources */,
				8477570323A0A532000BB73F /* Frameworks */,
				8477570423A0A532000BB73F /* Resources */,
				58114496878D5877345B5019 /* [CP] Embed Pods Frameworks */,
			);
			buildRules = (
			);
			dependencies = (
				8477570823A0A532000BB73F /* PBXTargetDependency */,
			);
			name = TestApp01UITests;
			productName = TestApp01UITests;
			productReference = 8477570623A0A532000BB73F /* TestApp01UITests.xctest */;
			productType = "com.apple.product-type.bundle.ui-testing";
		};
/* End PBXNativeTarget section */

/* Begin PBXProject section */
		847756DF23A0A530000BB73F /* Project object */ = {
			isa = PBXProject;
			attributes = {
				LastSwiftUpdateCheck = 1010;
				LastUpgradeCheck = 1010;
				ORGANIZATIONNAME = admin;
				TargetAttributes = {
					847756E623A0A530000BB73F = {
						CreatedOnToolsVersion = 10.1;
					};
					847756FA23A0A532000BB73F = {
						CreatedOnToolsVersion = 10.1;
						TestTargetID = 847756E623A0A530000BB73F;
					};
					8477570523A0A532000BB73F = {
						CreatedOnToolsVersion = 10.1;
						TestTargetID = 847756E623A0A530000BB73F;
					};
				};
			};
			buildConfigurationList = 847756E223A0A530000BB73F /* Build configuration list for PBXProject "TestApp01" */;
			compatibilityVersion = "Xcode 9.3";
			developmentRegion = en;
			hasScannedForEncodings = 0;
			knownRegions = (
				en,
				Base,
			);
			mainGroup = 847756DE23A0A530000BB73F;
			productRefGroup = 847756E823A0A530000BB73F /* Products */;
			projectDirPath = "";
			projectRoot = "";
			targets = (
				847756E623A0A530000BB73F /* TestApp01 */,
				847756FA23A0A532000BB73F /* TestApp01Tests */,
				8477570523A0A532000BB73F /* TestApp01UITests */,
			);
		};
/* End PBXProject section */

/* Begin PBXResourcesBuildPhase section */
		847756E523A0A530000BB73F /* Resources */ = {
			isa = PBXResourcesBuildPhase;
			buildActionMask = 2147483647;
			files = (
				264933BA2404FE3800A8DBA8 /* Main.storyboard in Resources */,
				847756F523A0A532000BB73F /* LaunchScreen.storyboard in Resources */,
				2652865B23FE59AE0001B81D /* TableViewCell.xib in Resources */,
				2652866023FE5A3A0001B81D /* ArticleDetail.storyboard in Resources */,
				847756F223A0A532000BB73F /* Assets.xcassets in Resources */,
				2652865F23FE5A3A0001B81D /* Login.storyboard in Resources */,
			);
			runOnlyForDeploymentPostprocessing = 0;
		};
		847756F923A0A532000BB73F /* Resources */ = {
			isa = PBXResourcesBuildPhase;
			buildActionMask = 2147483647;
			files = (
			);
			runOnlyForDeploymentPostprocessing = 0;
		};
		8477570423A0A532000BB73F /* Resources */ = {
			isa = PBXResourcesBuildPhase;
			buildActionMask = 2147483647;
			files = (
			);
			runOnlyForDeploymentPostprocessing = 0;
		};
/* End PBXResourcesBuildPhase section */

/* Begin PBXShellScriptBuildPhase section */
		00AE72CE56B20A146884AAEA /* [CP] Check Pods Manifest.lock */ = {
			isa = PBXShellScriptBuildPhase;
			buildActionMask = 2147483647;
			files = (
			);
			inputFileListPaths = (
			);
			inputPaths = (
				"${PODS_PODFILE_DIR_PATH}/Podfile.lock",
				"${PODS_ROOT}/Manifest.lock",
			);
			name = "[CP] Check Pods Manifest.lock";
			outputFileListPaths = (
			);
			outputPaths = (
				"$(DERIVED_FILE_DIR)/Pods-TestApp01Tests-checkManifestLockResult.txt",
			);
			runOnlyForDeploymentPostprocessing = 0;
			shellPath = /bin/sh;
			shellScript = "diff \"${PODS_PODFILE_DIR_PATH}/Podfile.lock\" \"${PODS_ROOT}/Manifest.lock\" > /dev/null\nif [ $? != 0 ] ; then\n    # print error to STDERR\n    echo \"error: The sandbox is not in sync with the Podfile.lock. Run 'pod install' or update your CocoaPods installation.\" >&2\n    exit 1\nfi\n# This output is used by Xcode 'outputs' to avoid re-running this script phase.\necho \"SUCCESS\" > \"${SCRIPT_OUTPUT_FILE_0}\"\n";
			showEnvVarsInLog = 0;
		};
		2AB69F47C23552FBFC982AC3 /* [CP] Check Pods Manifest.lock */ = {
			isa = PBXShellScriptBuildPhase;
			buildActionMask = 2147483647;
			files = (
			);
			inputFileListPaths = (
			);
			inputPaths = (
				"${PODS_PODFILE_DIR_PATH}/Podfile.lock",
				"${PODS_ROOT}/Manifest.lock",
			);
			name = "[CP] Check Pods Manifest.lock";
			outputFileListPaths = (
			);
			outputPaths = (
				"$(DERIVED_FILE_DIR)/Pods-TestApp01-checkManifestLockResult.txt",
			);
			runOnlyForDeploymentPostprocessing = 0;
			shellPath = /bin/sh;
			shellScript = "diff \"${PODS_PODFILE_DIR_PATH}/Podfile.lock\" \"${PODS_ROOT}/Manifest.lock\" > /dev/null\nif [ $? != 0 ] ; then\n    # print error to STDERR\n    echo \"error: The sandbox is not in sync with the Podfile.lock. Run 'pod install' or update your CocoaPods installation.\" >&2\n    exit 1\nfi\n# This output is used by Xcode 'outputs' to avoid re-running this script phase.\necho \"SUCCESS\" > \"${SCRIPT_OUTPUT_FILE_0}\"\n";
			showEnvVarsInLog = 0;
		};
		58114496878D5877345B5019 /* [CP] Embed Pods Frameworks */ = {
			isa = PBXShellScriptBuildPhase;
			buildActionMask = 2147483647;
			files = (
			);
			inputFileListPaths = (
				"${PODS_ROOT}/Target Support Files/Pods-TestApp01-TestApp01UITests/Pods-TestApp01-TestApp01UITests-frameworks-${CONFIGURATION}-input-files.xcfilelist",
			);
			name = "[CP] Embed Pods Frameworks";
			outputFileListPaths = (
				"${PODS_ROOT}/Target Support Files/Pods-TestApp01-TestApp01UITests/Pods-TestApp01-TestApp01UITests-frameworks-${CONFIGURATION}-output-files.xcfilelist",
			);
			runOnlyForDeploymentPostprocessing = 0;
			shellPath = /bin/sh;
			shellScript = "\"${PODS_ROOT}/Target Support Files/Pods-TestApp01-TestApp01UITests/Pods-TestApp01-TestApp01UITests-frameworks.sh\"\n";
			showEnvVarsInLog = 0;
		};
		D49A147EC021DC251A706DFD /* [CP] Check Pods Manifest.lock */ = {
			isa = PBXShellScriptBuildPhase;
			buildActionMask = 2147483647;
			files = (
			);
			inputFileListPaths = (
			);
			inputPaths = (
				"${PODS_PODFILE_DIR_PATH}/Podfile.lock",
				"${PODS_ROOT}/Manifest.lock",
			);
			name = "[CP] Check Pods Manifest.lock";
			outputFileListPaths = (
			);
			outputPaths = (
				"$(DERIVED_FILE_DIR)/Pods-TestApp01-TestApp01UITests-checkManifestLockResult.txt",
			);
			runOnlyForDeploymentPostprocessing = 0;
			shellPath = /bin/sh;
			shellScript = "diff \"${PODS_PODFILE_DIR_PATH}/Podfile.lock\" \"${PODS_ROOT}/Manifest.lock\" > /dev/null\nif [ $? != 0 ] ; then\n    # print error to STDERR\n    echo \"error: The sandbox is not in sync with the Podfile.lock. Run 'pod install' or update your CocoaPods installation.\" >&2\n    exit 1\nfi\n# This output is used by Xcode 'outputs' to avoid re-running this script phase.\necho \"SUCCESS\" > \"${SCRIPT_OUTPUT_FILE_0}\"\n";
			showEnvVarsInLog = 0;
		};
		F0569D7F0ED7896F4B8F265D /* [CP] Embed Pods Frameworks */ = {
			isa = PBXShellScriptBuildPhase;
			buildActionMask = 2147483647;
			files = (
			);
			inputFileListPaths = (
				"${PODS_ROOT}/Target Support Files/Pods-TestApp01/Pods-TestApp01-frameworks-${CONFIGURATION}-input-files.xcfilelist",
			);
			name = "[CP] Embed Pods Frameworks";
			outputFileListPaths = (
				"${PODS_ROOT}/Target Support Files/Pods-TestApp01/Pods-TestApp01-frameworks-${CONFIGURATION}-output-files.xcfilelist",
			);
			runOnlyForDeploymentPostprocessing = 0;
			shellPath = /bin/sh;
			shellScript = "\"${PODS_ROOT}/Target Support Files/Pods-TestApp01/Pods-TestApp01-frameworks.sh\"\n";
			showEnvVarsInLog = 0;
		};
/* End PBXShellScriptBuildPhase section */

/* Begin PBXSourcesBuildPhase section */
		847756E323A0A530000BB73F /* Sources */ = {
			isa = PBXSourcesBuildPhase;
			buildActionMask = 2147483647;
			files = (
				2652864D23FE51CE0001B81D /* ArticleDetailViewController.swift in Sources */,
				2652863B23FE46740001B81D /* ArticleUser.swift in Sources */,
				2652864723FE51A60001B81D /* ArticleNewsUseCase.swift in Sources */,
				2652866623FE6C360001B81D /* ArticleNotificationUseCase.swift in Sources */,
				26DA975523FF7D9600E02365 /* LoginPresenter.swift in Sources */,
				2652864C23FE51CE0001B81D /* ArticleViewController.swift in Sources */,
				2652865A23FE59AE0001B81D /* TableViewCell.swift in Sources */,
				26DA975323FF6BBD00E02365 /* LoginGateway.swift in Sources */,
				2652865123FE51F50001B81D /* ArticleNewsGateway.swift in Sources */,
				2652863C23FE46740001B81D /* ArticleNews.swift in Sources */,
				2652863F23FE468C0001B81D /* ArticlePresenter.swift in Sources */,
				2652866223FE61B40001B81D /* NotificationCenterPresenter.swift in Sources */,
				2652864E23FE51CE0001B81D /* LoginViewController.swift in Sources */,
				847756EB23A0A530000BB73F /* AppDelegate.swift in Sources */,
				2652866423FE67EE0001B81D /* LoginUseCase.swift in Sources */,
				2652865623FE57740001B81D /* ArticleNotificationPresenter.swift in Sources */,
				26DA974F23FF5B8E00E02365 /* HttpGateway.swift in Sources */,
				2648C50A2404D57C00C305B6 /* ViewController.swift in Sources */,
				2652865423FE574B0001B81D /* ArticleNotificationResident.swift in Sources */,
				26DA975123FF6A8100E02365 /* LoginResult.swift in Sources */,
			);
			runOnlyForDeploymentPostprocessing = 0;
		};
		847756F723A0A532000BB73F /* Sources */ = {
			isa = PBXSourcesBuildPhase;
			buildActionMask = 2147483647;
			files = (
				8477570023A0A532000BB73F /* TestApp01Tests.swift in Sources */,
			);
			runOnlyForDeploymentPostprocessing = 0;
		};
		8477570223A0A532000BB73F /* Sources */ = {
			isa = PBXSourcesBuildPhase;
			buildActionMask = 2147483647;
			files = (
				8477570B23A0A532000BB73F /* TestApp01UITests.swift in Sources */,
			);
			runOnlyForDeploymentPostprocessing = 0;
		};
/* End PBXSourcesBuildPhase section */

/* Begin PBXTargetDependency section */
		847756FD23A0A532000BB73F /* PBXTargetDependency */ = {
			isa = PBXTargetDependency;
			target = 847756E623A0A530000BB73F /* TestApp01 */;
			targetProxy = 847756FC23A0A532000BB73F /* PBXContainerItemProxy */;
		};
		8477570823A0A532000BB73F /* PBXTargetDependency */ = {
			isa = PBXTargetDependency;
			target = 847756E623A0A530000BB73F /* TestApp01 */;
			targetProxy = 8477570723A0A532000BB73F /* PBXContainerItemProxy */;
		};
/* End PBXTargetDependency section */

/* Begin PBXVariantGroup section */
		847756F323A0A532000BB73F /* LaunchScreen.storyboard */ = {
			isa = PBXVariantGroup;
			children = (
				847756F423A0A532000BB73F /* Base */,
			);
			name = LaunchScreen.storyboard;
			sourceTree = "<group>";
		};
/* End PBXVariantGroup section */

/* Begin XCBuildConfiguration section */
		8477570D23A0A532000BB73F /* Debug */ = {
			isa = XCBuildConfiguration;
			buildSettings = {
				ALWAYS_SEARCH_USER_PATHS = NO;
				CLANG_ANALYZER_NONNULL = YES;
				CLANG_ANALYZER_NUMBER_OBJECT_CONVERSION = YES_AGGRESSIVE;
				CLANG_CXX_LANGUAGE_STANDARD = "gnu++14";
				CLANG_CXX_LIBRARY = "libc++";
				CLANG_ENABLE_MODULES = YES;
				CLANG_ENABLE_OBJC_ARC = YES;
				CLANG_ENABLE_OBJC_WEAK = YES;
				CLANG_WARN_BLOCK_CAPTURE_AUTORELEASING = YES;
				CLANG_WARN_BOOL_CONVERSION = YES;
				CLANG_WARN_COMMA = YES;
				CLANG_WARN_CONSTANT_CONVERSION = YES;
				CLANG_WARN_DEPRECATED_OBJC_IMPLEMENTATIONS = YES;
				CLANG_WARN_DIRECT_OBJC_ISA_USAGE = YES_ERROR;
				CLANG_WARN_DOCUMENTATION_COMMENTS = YES;
				CLANG_WARN_EMPTY_BODY = YES;
				CLANG_WARN_ENUM_CONVERSION = YES;
				CLANG_WARN_INFINITE_RECURSION = YES;
				CLANG_WARN_INT_CONVERSION = YES;
				CLANG_WARN_NON_LITERAL_NULL_CONVERSION = YES;
				CLANG_WARN_OBJC_IMPLICIT_RETAIN_SELF = YES;
				CLANG_WARN_OBJC_LITERAL_CONVERSION = YES;
				CLANG_WARN_OBJC_ROOT_CLASS = YES_ERROR;
				CLANG_WARN_RANGE_LOOP_ANALYSIS = YES;
				CLANG_WARN_STRICT_PROTOTYPES = YES;
				CLANG_WARN_SUSPICIOUS_MOVE = YES;
				CLANG_WARN_UNGUARDED_AVAILABILITY = YES_AGGRESSIVE;
				CLANG_WARN_UNREACHABLE_CODE = YES;
				CLANG_WARN__DUPLICATE_METHOD_MATCH = YES;
				CODE_SIGN_IDENTITY = "iPhone Developer";
				COPY_PHASE_STRIP = NO;
				DEBUG_INFORMATION_FORMAT = dwarf;
				ENABLE_STRICT_OBJC_MSGSEND = YES;
				ENABLE_TESTABILITY = YES;
				GCC_C_LANGUAGE_STANDARD = gnu11;
				GCC_DYNAMIC_NO_PIC = NO;
				GCC_NO_COMMON_BLOCKS = YES;
				GCC_OPTIMIZATION_LEVEL = 0;
				GCC_PREPROCESSOR_DEFINITIONS = (
					"DEBUG=1",
					"$(inherited)",
				);
				GCC_WARN_64_TO_32_BIT_CONVERSION = YES;
				GCC_WARN_ABOUT_RETURN_TYPE = YES_ERROR;
				GCC_WARN_UNDECLARED_SELECTOR = YES;
				GCC_WARN_UNINITIALIZED_AUTOS = YES_AGGRESSIVE;
				GCC_WARN_UNUSED_FUNCTION = YES;
				GCC_WARN_UNUSED_VARIABLE = YES;
				IPHONEOS_DEPLOYMENT_TARGET = 12.1;
				MTL_ENABLE_DEBUG_INFO = INCLUDE_SOURCE;
				MTL_FAST_MATH = YES;
				ONLY_ACTIVE_ARCH = YES;
				SDKROOT = iphoneos;
				SWIFT_ACTIVE_COMPILATION_CONDITIONS = DEBUG;
				SWIFT_OPTIMIZATION_LEVEL = "-Onone";
			};
			name = Debug;
		};
		8477570E23A0A532000BB73F /* Release */ = {
			isa = XCBuildConfiguration;
			buildSettings = {
				ALWAYS_SEARCH_USER_PATHS = NO;
				CLANG_ANALYZER_NONNULL = YES;
				CLANG_ANALYZER_NUMBER_OBJECT_CONVERSION = YES_AGGRESSIVE;
				CLANG_CXX_LANGUAGE_STANDARD = "gnu++14";
				CLANG_CXX_LIBRARY = "libc++";
				CLANG_ENABLE_MODULES = YES;
				CLANG_ENABLE_OBJC_ARC = YES;
				CLANG_ENABLE_OBJC_WEAK = YES;
				CLANG_WARN_BLOCK_CAPTURE_AUTORELEASING = YES;
				CLANG_WARN_BOOL_CONVERSION = YES;
				CLANG_WARN_COMMA = YES;
				CLANG_WARN_CONSTANT_CONVERSION = YES;
				CLANG_WARN_DEPRECATED_OBJC_IMPLEMENTATIONS = YES;
				CLANG_WARN_DIRECT_OBJC_ISA_USAGE = YES_ERROR;
				CLANG_WARN_DOCUMENTATION_COMMENTS = YES;
				CLANG_WARN_EMPTY_BODY = YES;
				CLANG_WARN_ENUM_CONVERSION = YES;
				CLANG_WARN_INFINITE_RECURSION = YES;
				CLANG_WARN_INT_CONVERSION = YES;
				CLANG_WARN_NON_LITERAL_NULL_CONVERSION = YES;
				CLANG_WARN_OBJC_IMPLICIT_RETAIN_SELF = YES;
				CLANG_WARN_OBJC_LITERAL_CONVERSION = YES;
				CLANG_WARN_OBJC_ROOT_CLASS = YES_ERROR;
				CLANG_WARN_RANGE_LOOP_ANALYSIS = YES;
				CLANG_WARN_STRICT_PROTOTYPES = YES;
				CLANG_WARN_SUSPICIOUS_MOVE = YES;
				CLANG_WARN_UNGUARDED_AVAILABILITY = YES_AGGRESSIVE;
				CLANG_WARN_UNREACHABLE_CODE = YES;
				CLANG_WARN__DUPLICATE_METHOD_MATCH = YES;
				CODE_SIGN_IDENTITY = "iPhone Developer";
				COPY_PHASE_STRIP = NO;
				DEBUG_INFORMATION_FORMAT = "dwarf-with-dsym";
				ENABLE_NS_ASSERTIONS = NO;
				ENABLE_STRICT_OBJC_MSGSEND = YES;
				GCC_C_LANGUAGE_STANDARD = gnu11;
				GCC_NO_COMMON_BLOCKS = YES;
				GCC_WARN_64_TO_32_BIT_CONVERSION = YES;
				GCC_WARN_ABOUT_RETURN_TYPE = YES_ERROR;
				GCC_WARN_UNDECLARED_SELECTOR = YES;
				GCC_WARN_UNINITIALIZED_AUTOS = YES_AGGRESSIVE;
				GCC_WARN_UNUSED_FUNCTION = YES;
				GCC_WARN_UNUSED_VARIABLE = YES;
				IPHONEOS_DEPLOYMENT_TARGET = 12.1;
				MTL_ENABLE_DEBUG_INFO = NO;
				MTL_FAST_MATH = YES;
				SDKROOT = iphoneos;
				SWIFT_COMPILATION_MODE = wholemodule;
				SWIFT_OPTIMIZATION_LEVEL = "-O";
				VALIDATE_PRODUCT = YES;
			};
			name = Release;
		};
		8477571023A0A532000BB73F /* Debug */ = {
			isa = XCBuildConfiguration;
			baseConfigurationReference = D14DDA3F089D0B9FAF844B56 /* Pods-TestApp01.debug.xcconfig */;
			buildSettings = {
				ASSETCATALOG_COMPILER_APPICON_NAME = AppIcon;
				CODE_SIGN_ENTITLEMENTS = TestApp01/TestApp01.entitlements;
				CODE_SIGN_STYLE = Automatic;
				INFOPLIST_FILE = TestApp01/Info.plist;
				LD_RUNPATH_SEARCH_PATHS = (
					"$(inherited)",
					"@executable_path/Frameworks",
				);
				PRODUCT_BUNDLE_IDENTIFIER = jp.co.densei.TestApp01;
				PRODUCT_NAME = "$(TARGET_NAME)";
				SWIFT_VERSION = 4.2;
				TARGETED_DEVICE_FAMILY = "1,2";
			};
			name = Debug;
		};
		8477571123A0A532000BB73F /* Release */ = {
			isa = XCBuildConfiguration;
			baseConfigurationReference = BD67F03E6EDF71F968197C41 /* Pods-TestApp01.release.xcconfig */;
			buildSettings = {
				ASSETCATALOG_COMPILER_APPICON_NAME = AppIcon;
				CODE_SIGN_ENTITLEMENTS = TestApp01/TestApp01.entitlements;
				CODE_SIGN_STYLE = Automatic;
				INFOPLIST_FILE = TestApp01/Info.plist;
				LD_RUNPATH_SEARCH_PATHS = (
					"$(inherited)",
					"@executable_path/Frameworks",
				);
				PRODUCT_BUNDLE_IDENTIFIER = jp.co.densei.TestApp01;
				PRODUCT_NAME = "$(TARGET_NAME)";
				SWIFT_VERSION = 4.2;
				TARGETED_DEVICE_FAMILY = "1,2";
			};
			name = Release;
		};
		8477571323A0A532000BB73F /* Debug */ = {
			isa = XCBuildConfiguration;
			baseConfigurationReference = D538D521FA5CAFA2BAC5041D /* Pods-TestApp01Tests.debug.xcconfig */;
			buildSettings = {
				ALWAYS_EMBED_SWIFT_STANDARD_LIBRARIES = YES;
				BUNDLE_LOADER = "$(TEST_HOST)";
				CODE_SIGN_STYLE = Automatic;
				INFOPLIST_FILE = TestApp01Tests/Info.plist;
				LD_RUNPATH_SEARCH_PATHS = (
					"$(inherited)",
					"@executable_path/Frameworks",
					"@loader_path/Frameworks",
				);
				PRODUCT_BUNDLE_IDENTIFIER = jp.co.densei.TestApp01Tests;
				PRODUCT_NAME = "$(TARGET_NAME)";
				SWIFT_VERSION = 4.2;
				TARGETED_DEVICE_FAMILY = "1,2";
				TEST_HOST = "$(BUILT_PRODUCTS_DIR)/TestApp01.app/TestApp01";
			};
			name = Debug;
		};
		8477571423A0A532000BB73F /* Release */ = {
			isa = XCBuildConfiguration;
			baseConfigurationReference = 23A8DC316FA085253D5AEEEA /* Pods-TestApp01Tests.release.xcconfig */;
			buildSettings = {
				ALWAYS_EMBED_SWIFT_STANDARD_LIBRARIES = YES;
				BUNDLE_LOADER = "$(TEST_HOST)";
				CODE_SIGN_STYLE = Automatic;
				INFOPLIST_FILE = TestApp01Tests/Info.plist;
				LD_RUNPATH_SEARCH_PATHS = (
					"$(inherited)",
					"@executable_path/Frameworks",
					"@loader_path/Frameworks",
				);
				PRODUCT_BUNDLE_IDENTIFIER = jp.co.densei.TestApp01Tests;
				PRODUCT_NAME = "$(TARGET_NAME)";
				SWIFT_VERSION = 4.2;
				TARGETED_DEVICE_FAMILY = "1,2";
				TEST_HOST = "$(BUILT_PRODUCTS_DIR)/TestApp01.app/TestApp01";
			};
			name = Release;
		};
		8477571623A0A532000BB73F /* Debug */ = {
			isa = XCBuildConfiguration;
			baseConfigurationReference = D2122A422904E3B5A7B5777B /* Pods-TestApp01-TestApp01UITests.debug.xcconfig */;
			buildSettings = {
				ALWAYS_EMBED_SWIFT_STANDARD_LIBRARIES = YES;
				CODE_SIGN_STYLE = Automatic;
				INFOPLIST_FILE = TestApp01UITests/Info.plist;
				LD_RUNPATH_SEARCH_PATHS = (
					"$(inherited)",
					"@executable_path/Frameworks",
					"@loader_path/Frameworks",
				);
				PRODUCT_BUNDLE_IDENTIFIER = jp.co.densei.TestApp01UITests;
				PRODUCT_NAME = "$(TARGET_NAME)";
				SWIFT_VERSION = 4.2;
				TARGETED_DEVICE_FAMILY = "1,2";
				TEST_TARGET_NAME = TestApp01;
			};
			name = Debug;
		};
		8477571723A0A532000BB73F /* Release */ = {
			isa = XCBuildConfiguration;
			baseConfigurationReference = AA328255BC2F603317C10E2B /* Pods-TestApp01-TestApp01UITests.release.xcconfig */;
			buildSettings = {
				ALWAYS_EMBED_SWIFT_STANDARD_LIBRARIES = YES;
				CODE_SIGN_STYLE = Automatic;
				INFOPLIST_FILE = TestApp01UITests/Info.plist;
				LD_RUNPATH_SEARCH_PATHS = (
					"$(inherited)",
					"@executable_path/Frameworks",
					"@loader_path/Frameworks",
				);
				PRODUCT_BUNDLE_IDENTIFIER = jp.co.densei.TestApp01UITests;
				PRODUCT_NAME = "$(TARGET_NAME)";
				SWIFT_VERSION = 4.2;
				TARGETED_DEVICE_FAMILY = "1,2";
				TEST_TARGET_NAME = TestApp01;
			};
			name = Release;
		};
/* End XCBuildConfiguration section */

/* Begin XCConfigurationList section */
		847756E223A0A530000BB73F /* Build configuration list for PBXProject "TestApp01" */ = {
			isa = XCConfigurationList;
			buildConfigurations = (
				8477570D23A0A532000BB73F /* Debug */,
				8477570E23A0A532000BB73F /* Release */,
			);
			defaultConfigurationIsVisible = 0;
			defaultConfigurationName = Release;
		};
		8477570F23A0A532000BB73F /* Build configuration list for PBXNativeTarget "TestApp01" */ = {
			isa = XCConfigurationList;
			buildConfigurations = (
				8477571023A0A532000BB73F /* Debug */,
				8477571123A0A532000BB73F /* Release */,
			);
			defaultConfigurationIsVisible = 0;
			defaultConfigurationName = Release;
		};
		8477571223A0A532000BB73F /* Build configuration list for PBXNativeTarget "TestApp01Tests" */ = {
			isa = XCConfigurationList;
			buildConfigurations = (
				8477571323A0A532000BB73F /* Debug */,
				8477571423A0A532000BB73F /* Release */,
			);
			defaultConfigurationIsVisible = 0;
			defaultConfigurationName = Release;
		};
		8477571523A0A532000BB73F /* Build configuration list for PBXNativeTarget "TestApp01UITests" */ = {
			isa = XCConfigurationList;
			buildConfigurations = (
				8477571623A0A532000BB73F /* Debug */,
				8477571723A0A532000BB73F /* Release */,
			);
			defaultConfigurationIsVisible = 0;
			defaultConfigurationName = Release;
		};
/* End XCConfigurationList section */
	};
	rootObject = 847756DF23A0A530000BB73F /* Project object */;
}
